{
  "originHash" : "fa88913001739c0a4f5da694cc2d7d84f127efeb8b245fe3814c269ff7c3503b",
  "pins" : [
    {
      "identity" : "audiokit",
      "kind" : "remoteSourceControl",
      "location" : "git@github.com:AudioKit/AudioKit.git",
      "state" : {
        "revision" : "97a35fe04cd8e3d13b8744e1216b8673f825bef6",
        "version" : "5.7.2"
      }
    },
    {
      "identity" : "morse.swift",
      "kind" : "remoteSourceControl",
      "location" : "git@github.com:jhoughjr/Morse.swift.git",
      "state" : {
        "revision" : "a4ad034988195170d84f533c3a169f02b292de72",
        "version" : "1.0.0"
      }
    }
  ],
  "version" : 3
}
