{
  "originHash" : "fa88913001739c0a4f5da694cc2d7d84f127efeb8b245fe3814c269ff7c3503b",
  "pins" : [
    {
      "identity" : "audiokit",
      "kind" : "remoteSourceControl",
      "location" : "git@github.com:AudioKit/AudioKit.git",
      "state" : {
        "revision" : "5b3fd238ef8ee95c9842ca4ea83ca58ee151e630",
        "version" : "5.6.5"
      }
    },
    {
      "identity" : "morse.swift",
      "kind" : "remoteSourceControl",
      "location" : "git@github.com:jhoughjr/Morse.swift.git",
      "state" : {
        "branch" : "main",
        "revision" : "78ecfb2933487ea98616b3aaf3ac331b3eed3a87"
      }
    }
  ],
  "version" : 3
}
