// !$*UTF8*$!
{
	archiveVersion = 1;
	classes = {
	};
	objectVersion = 77;
	objects = {

/* Begin PBXBuildFile section */
		D80D63B02D0DC24B004A6AD0 /* AudioKit in Frameworks */ = {isa = PBXBuildFile; productRef = D80D63AF2D0DC24B004A6AD0 /* AudioKit */; };
		D81806592D0C7A54006C625B /* Morse in Frameworks */ = {isa = PBXBuildFile; productRef = D81806582D0C7A54006C625B /* Morse */; };
/* End PBXBuildFile section */

/* Begin PBXContainerItemProxy section */
		D818063B2D0C7A39006C625B /* PBXContainerItemProxy */ = {
			isa = PBXContainerItemProxy;
			containerPortal = D81806212D0C7A37006C625B /* Project object */;
			proxyType = 1;
			remoteGlobalIDString = D81806282D0C7A37006C625B;
			remoteInfo = MorserX;
		};
		D81806452D0C7A39006C625B /* PBXContainerItemProxy */ = {
			isa = PBXContainerItemProxy;
			containerPortal = D81806212D0C7A37006C625B /* Project object */;
			proxyType = 1;
			remoteGlobalIDString = D81806282D0C7A37006C625B;
			remoteInfo = MorserX;
		};
/* End PBXContainerItemProxy section */

/* Begin PBXFileReference section */
		D81806292D0C7A37006C625B /* MorserX.app */ = {isa = PBXFileReference; explicitFileType = wrapper.application; includeInIndex = 0; path = MorserX.app; sourceTree = BUILT_PRODUCTS_DIR; };
		D818063A2D0C7A39006C625B /* MorserXTests.xctest */ = {isa = PBXFileReference; explicitFileType = wrapper.cfbundle; includeInIndex = 0; path = MorserXTests.xctest; sourceTree = BUILT_PRODUCTS_DIR; };
		D81806442D0C7A39006C625B /* MorserXUITests.xctest */ = {isa = PBXFileReference; explicitFileType = wrapper.cfbundle; includeInIndex = 0; path = MorserXUITests.xctest; sourceTree = BUILT_PRODUCTS_DIR; };
/* End PBXFileReference section */

/* Begin PBXFileSystemSynchronizedRootGroup section */
		D818062B2D0C7A37006C625B /* MorserX */ = {
			isa = PBXFileSystemSynchronizedRootGroup;
			path = MorserX;
			sourceTree = "<group>";
		};
		D818063D2D0C7A39006C625B /* MorserXTests */ = {
			isa = PBXFileSystemSynchronizedRootGroup;
			path = MorserXTests;
			sourceTree = "<group>";
		};
		D81806472D0C7A39006C625B /* MorserXUITests */ = {
			isa = PBXFileSystemSynchronizedRootGroup;
			path = MorserXUITests;
			sourceTree = "<group>";
		};
/* End PBXFileSystemSynchronizedRootGroup section */

/* Begin PBXFrameworksBuildPhase section */
		D81806262D0C7A37006C625B /* Frameworks */ = {
			isa = PBXFrameworksBuildPhase;
			buildActionMask = 2147483647;
			files = (
				D80D63B02D0DC24B004A6AD0 /* AudioKit in Frameworks */,
				D81806592D0C7A54006C625B /* Morse in Frameworks */,
			);
			runOnlyForDeploymentPostprocessing = 0;
		};
		D81806372D0C7A39006C625B /* Frameworks */ = {
			isa = PBXFrameworksBuildPhase;
			buildActionMask = 2147483647;
			files = (
			);
			runOnlyForDeploymentPostprocessing = 0;
		};
		D81806412D0C7A39006C625B /* Frameworks */ = {
			isa = PBXFrameworksBuildPhase;
			buildActionMask = 2147483647;
			files = (
			);
			runOnlyForDeploymentPostprocessing = 0;
		};
/* End PBXFrameworksBuildPhase section */

/* Begin PBXGroup section */
		D81806202D0C7A37006C625B = {
			isa = PBXGroup;
			children = (
				D818062B2D0C7A37006C625B /* MorserX */,
				D818063D2D0C7A39006C625B /* MorserXTests */,
				D81806472D0C7A39006C625B /* MorserXUITests */,
				D818062A2D0C7A37006C625B /* Products */,
			);
			sourceTree = "<group>";
		};
		D818062A2D0C7A37006C625B /* Products */ = {
			isa = PBXGroup;
			children = (
				D81806292D0C7A37006C625B /* MorserX.app */,
				D818063A2D0C7A39006C625B /* MorserXTests.xctest */,
				D81806442D0C7A39006C625B /* MorserXUITests.xctest */,
			);
			name = Products;
			sourceTree = "<group>";
		};
/* End PBXGroup section */

/* Begin PBXNativeTarget section */
		D81806282D0C7A37006C625B /* MorserX */ = {
			isa = PBXNativeTarget;
			buildConfigurationList = D818064E2D0C7A3A006C625B /* Build configuration list for PBXNativeTarget "MorserX" */;
			buildPhases = (
				D81806252D0C7A37006C625B /* Sources */,
				D81806262D0C7A37006C625B /* Frameworks */,
				D81806272D0C7A37006C625B /* Resources */,
			);
			buildRules = (
			);
			dependencies = (
			);
			fileSystemSynchronizedGroups = (
				D818062B2D0C7A37006C625B /* MorserX */,
			);
			name = MorserX;
			packageProductDependencies = (
				D81806582D0C7A54006C625B /* Morse */,
				D80D63AF2D0DC24B004A6AD0 /* AudioKit */,
			);
			productName = MorserX;
			productReference = D81806292D0C7A37006C625B /* MorserX.app */;
			productType = "com.apple.product-type.application";
		};
		D81806392D0C7A39006C625B /* MorserXTests */ = {
			isa = PBXNativeTarget;
			buildConfigurationList = D81806512D0C7A3A006C625B /* Build configuration list for PBXNativeTarget "MorserXTests" */;
			buildPhases = (
				D81806362D0C7A39006C625B /* Sources */,
				D81806372D0C7A39006C625B /* Frameworks */,
				D81806382D0C7A39006C625B /* Resources */,
			);
			buildRules = (
			);
			dependencies = (
				D818063C2D0C7A39006C625B /* PBXTargetDependency */,
			);
			fileSystemSynchronizedGroups = (
				D818063D2D0C7A39006C625B /* MorserXTests */,
			);
			name = MorserXTests;
			packageProductDependencies = (
			);
			productName = MorserXTests;
			productReference = D818063A2D0C7A39006C625B /* MorserXTests.xctest */;
			productType = "com.apple.product-type.bundle.unit-test";
		};
		D81806432D0C7A39006C625B /* MorserXUITests */ = {
			isa = PBXNativeTarget;
			buildConfigurationList = D81806542D0C7A3A006C625B /* Build configuration list for PBXNativeTarget "MorserXUITests" */;
			buildPhases = (
				D81806402D0C7A39006C625B /* Sources */,
				D81806412D0C7A39006C625B /* Frameworks */,
				D81806422D0C7A39006C625B /* Resources */,
			);
			buildRules = (
			);
			dependencies = (
				D81806462D0C7A39006C625B /* PBXTargetDependency */,
			);
			fileSystemSynchronizedGroups = (
				D81806472D0C7A39006C625B /* MorserXUITests */,
			);
			name = MorserXUITests;
			packageProductDependencies = (
			);
			productName = MorserXUITests;
			productReference = D81806442D0C7A39006C625B /* MorserXUITests.xctest */;
			productType = "com.apple.product-type.bundle.ui-testing";
		};
/* End PBXNativeTarget section */

/* Begin PBXProject section */
		D81806212D0C7A37006C625B /* Project object */ = {
			isa = PBXProject;
			attributes = {
				BuildIndependentTargetsInParallel = 1;
				LastSwiftUpdateCheck = 1610;
				LastUpgradeCheck = 1620;
				TargetAttributes = {
					D81806282D0C7A37006C625B = {
						CreatedOnToolsVersion = 16.1;
					};
					D81806392D0C7A39006C625B = {
						CreatedOnToolsVersion = 16.1;
						TestTargetID = D81806282D0C7A37006C625B;
					};
					D81806432D0C7A39006C625B = {
						CreatedOnToolsVersion = 16.1;
						TestTargetID = D81806282D0C7A37006C625B;
					};
				};
			};
			buildConfigurationList = D81806242D0C7A37006C625B /* Build configuration list for PBXProject "MorserX" */;
			developmentRegion = en;
			hasScannedForEncodings = 0;
			knownRegions = (
				en,
				Base,
			);
			mainGroup = D81806202D0C7A37006C625B;
			minimizedProjectReferenceProxies = 1;
			packageReferences = (
				D81806572D0C7A54006C625B /* XCRemoteSwiftPackageReference "Morse.swift" */,
				D80D63AE2D0DC24B004A6AD0 /* XCRemoteSwiftPackageReference "AudioKit" */,
			);
			preferredProjectObjectVersion = 77;
			productRefGroup = D818062A2D0C7A37006C625B /* Products */;
			projectDirPath = "";
			projectRoot = "";
			targets = (
				D81806282D0C7A37006C625B /* MorserX */,
				D81806392D0C7A39006C625B /* MorserXTests */,
				D81806432D0C7A39006C625B /* MorserXUITests */,
			);
		};
/* End PBXProject section */

/* Begin PBXResourcesBuildPhase section */
		D81806272D0C7A37006C625B /* Resources */ = {
			isa = PBXResourcesBuildPhase;
			buildActionMask = 2147483647;
			files = (
			);
			runOnlyForDeploymentPostprocessing = 0;
		};
		D81806382D0C7A39006C625B /* Resources */ = {
			isa = PBXResourcesBuildPhase;
			buildActionMask = 2147483647;
			files = (
			);
			runOnlyForDeploymentPostprocessing = 0;
		};
		D81806422D0C7A39006C625B /* Resources */ = {
			isa = PBXResourcesBuildPhase;
			buildActionMask = 2147483647;
			files = (
			);
			runOnlyForDeploymentPostprocessing = 0;
		};
/* End PBXResourcesBuildPhase section */

/* Begin PBXSourcesBuildPhase section */
		D81806252D0C7A37006C625B /* Sources */ = {
			isa = PBXSourcesBuildPhase;
			buildActionMask = 2147483647;
			files = (
			);
			runOnlyForDeploymentPostprocessing = 0;
		};
		D81806362D0C7A39006C625B /* Sources */ = {
			isa = PBXSourcesBuildPhase;
			buildActionMask = 2147483647;
			files = (
			);
			runOnlyForDeploymentPostprocessing = 0;
		};
		D81806402D0C7A39006C625B /* Sources */ = {
			isa = PBXSourcesBuildPhase;
			buildActionMask = 2147483647;
			files = (
			);
			runOnlyForDeploymentPostprocessing = 0;
		};
/* End PBXSourcesBuildPhase section */

/* Begin PBXTargetDependency section */
		D818063C2D0C7A39006C625B /* PBXTargetDependency */ = {
			isa = PBXTargetDependency;
			target = D81806282D0C7A37006C625B /* MorserX */;
			targetProxy = D818063B2D0C7A39006C625B /* PBXContainerItemProxy */;
		};
		D81806462D0C7A39006C625B /* PBXTargetDependency */ = {
			isa = PBXTargetDependency;
			target = D81806282D0C7A37006C625B /* MorserX */;
			targetProxy = D81806452D0C7A39006C625B /* PBXContainerItemProxy */;
		};
/* End PBXTargetDependency section */

/* Begin XCBuildConfiguration section */
		D818064C2D0C7A3A006C625B /* Debug */ = {
			isa = XCBuildConfiguration;
			buildSettings = {
				ALWAYS_SEARCH_USER_PATHS = NO;
				ASSETCATALOG_COMPILER_GENERATE_SWIFT_ASSET_SYMBOL_EXTENSIONS = YES;
				CLANG_ANALYZER_NONNULL = YES;
				CLANG_ANALYZER_NUMBER_OBJECT_CONVERSION = YES_AGGRESSIVE;
				CLANG_CXX_LANGUAGE_STANDARD = "gnu++20";
				CLANG_ENABLE_MODULES = YES;
				CLANG_ENABLE_OBJC_ARC = YES;
				CLANG_ENABLE_OBJC_WEAK = YES;
				CLANG_WARN_BLOCK_CAPTURE_AUTORELEASING = YES;
				CLANG_WARN_BOOL_CONVERSION = YES;
				CLANG_WARN_COMMA = YES;
				CLANG_WARN_CONSTANT_CONVERSION = YES;
				CLANG_WARN_DEPRECATED_OBJC_IMPLEMENTATIONS = YES;
				CLANG_WARN_DIRECT_OBJC_ISA_USAGE = YES_ERROR;
				CLANG_WARN_DOCUMENTATION_COMMENTS = YES;
				CLANG_WARN_EMPTY_BODY = YES;
				CLANG_WARN_ENUM_CONVERSION = YES;
				CLANG_WARN_INFINITE_RECURSION = YES;
				CLANG_WARN_INT_CONVERSION = YES;
				CLANG_WARN_NON_LITERAL_NULL_CONVERSION = YES;
				CLANG_WARN_OBJC_IMPLICIT_RETAIN_SELF = YES;
				CLANG_WARN_OBJC_LITERAL_CONVERSION = YES;
				CLANG_WARN_OBJC_ROOT_CLASS = YES_ERROR;
				CLANG_WARN_QUOTED_INCLUDE_IN_FRAMEWORK_HEADER = YES;
				CLANG_WARN_RANGE_LOOP_ANALYSIS = YES;
				CLANG_WARN_STRICT_PROTOTYPES = YES;
				CLANG_WARN_SUSPICIOUS_MOVE = YES;
				CLANG_WARN_UNGUARDED_AVAILABILITY = YES_AGGRESSIVE;
				CLANG_WARN_UNREACHABLE_CODE = YES;
				CLANG_WARN__DUPLICATE_METHOD_MATCH = YES;
				COPY_PHASE_STRIP = NO;
				DEAD_CODE_STRIPPING = YES;
				DEBUG_INFORMATION_FORMAT = dwarf;
				ENABLE_STRICT_OBJC_MSGSEND = YES;
				ENABLE_TESTABILITY = YES;
				ENABLE_USER_SCRIPT_SANDBOXING = YES;
				GCC_C_LANGUAGE_STANDARD = gnu17;
				GCC_DYNAMIC_NO_PIC = NO;
				GCC_NO_COMMON_BLOCKS = YES;
				GCC_OPTIMIZATION_LEVEL = 0;
				GCC_PREPROCESSOR_DEFINITIONS = (
					"DEBUG=1",
					"$(inherited)",
				);
				GCC_WARN_64_TO_32_BIT_CONVERSION = YES;
				GCC_WARN_ABOUT_RETURN_TYPE = YES_ERROR;
				GCC_WARN_UNDECLARED_SELECTOR = YES;
				GCC_WARN_UNINITIALIZED_AUTOS = YES_AGGRESSIVE;
				GCC_WARN_UNUSED_FUNCTION = YES;
				GCC_WARN_UNUSED_VARIABLE = YES;
				LOCALIZATION_PREFERS_STRING_CATALOGS = YES;
				MACOSX_DEPLOYMENT_TARGET = 15.1;
				MTL_ENABLE_DEBUG_INFO = INCLUDE_SOURCE;
				MTL_FAST_MATH = YES;
				ONLY_ACTIVE_ARCH = YES;
				SDKROOT = macosx;
				SWIFT_ACTIVE_COMPILATION_CONDITIONS = "DEBUG $(inherited)";
				SWIFT_OPTIMIZATION_LEVEL = "-Onone";
			};
			name = Debug;
		};
		D818064D2D0C7A3A006C625B /* Release */ = {
			isa = XCBuildConfiguration;
			buildSettings = {
				ALWAYS_SEARCH_USER_PATHS = NO;
				ASSETCATALOG_COMPILER_GENERATE_SWIFT_ASSET_SYMBOL_EXTENSIONS = YES;
				CLANG_ANALYZER_NONNULL = YES;
				CLANG_ANALYZER_NUMBER_OBJECT_CONVERSION = YES_AGGRESSIVE;
				CLANG_CXX_LANGUAGE_STANDARD = "gnu++20";
				CLANG_ENABLE_MODULES = YES;
				CLANG_ENABLE_OBJC_ARC = YES;
				CLANG_ENABLE_OBJC_WEAK = YES;
				CLANG_WARN_BLOCK_CAPTURE_AUTORELEASING = YES;
				CLANG_WARN_BOOL_CONVERSION = YES;
				CLANG_WARN_COMMA = YES;
				CLANG_WARN_CONSTANT_CONVERSION = YES;
				CLANG_WARN_DEPRECATED_OBJC_IMPLEMENTATIONS = YES;
				CLANG_WARN_DIRECT_OBJC_ISA_USAGE = YES_ERROR;
				CLANG_WARN_DOCUMENTATION_COMMENTS = YES;
				CLANG_WARN_EMPTY_BODY = YES;
				CLANG_WARN_ENUM_CONVERSION = YES;
				CLANG_WARN_INFINITE_RECURSION = YES;
				CLANG_WARN_INT_CONVERSION = YES;
				CLANG_WARN_NON_LITERAL_NULL_CONVERSION = YES;
				CLANG_WARN_OBJC_IMPLICIT_RETAIN_SELF = YES;
				CLANG_WARN_OBJC_LITERAL_CONVERSION = YES;
				CLANG_WARN_OBJC_ROOT_CLASS = YES_ERROR;
				CLANG_WARN_QUOTED_INCLUDE_IN_FRAMEWORK_HEADER = YES;
				CLANG_WARN_RANGE_LOOP_ANALYSIS = YES;
				CLANG_WARN_STRICT_PROTOTYPES = YES;
				CLANG_WARN_SUSPICIOUS_MOVE = YES;
				CLANG_WARN_UNGUARDED_AVAILABILITY = YES_AGGRESSIVE;
				CLANG_WARN_UNREACHABLE_CODE = YES;
				CLANG_WARN__DUPLICATE_METHOD_MATCH = YES;
				COPY_PHASE_STRIP = NO;
				DEAD_CODE_STRIPPING = YES;
				DEBUG_INFORMATION_FORMAT = "dwarf-with-dsym";
				ENABLE_NS_ASSERTIONS = NO;
				ENABLE_STRICT_OBJC_MSGSEND = YES;
				ENABLE_USER_SCRIPT_SANDBOXING = YES;
				GCC_C_LANGUAGE_STANDARD = gnu17;
				GCC_NO_COMMON_BLOCKS = YES;
				GCC_WARN_64_TO_32_BIT_CONVERSION = YES;
				GCC_WARN_ABOUT_RETURN_TYPE = YES_ERROR;
				GCC_WARN_UNDECLARED_SELECTOR = YES;
				GCC_WARN_UNINITIALIZED_AUTOS = YES_AGGRESSIVE;
				GCC_WARN_UNUSED_FUNCTION = YES;
				GCC_WARN_UNUSED_VARIABLE = YES;
				LOCALIZATION_PREFERS_STRING_CATALOGS = YES;
				MACOSX_DEPLOYMENT_TARGET = 15.1;
				MTL_ENABLE_DEBUG_INFO = NO;
				MTL_FAST_MATH = YES;
				SDKROOT = macosx;
				SWIFT_COMPILATION_MODE = wholemodule;
			};
			name = Release;
		};
		D818064F2D0C7A3A006C625B /* Debug */ = {
			isa = XCBuildConfiguration;
			buildSettings = {
				ASSETCATALOG_COMPILER_APPICON_NAME = AppIcon;
				ASSETCATALOG_COMPILER_GLOBAL_ACCENT_COLOR_NAME = AccentColor;
				CODE_SIGN_ENTITLEMENTS = MorserX/MorserX.entitlements;
				CODE_SIGN_STYLE = Automatic;
				COMBINE_HIDPI_IMAGES = YES;
				CURRENT_PROJECT_VERSION = 1;
				DEAD_CODE_STRIPPING = YES;
				DEVELOPMENT_ASSET_PATHS = "\"MorserX/Preview Content\"";
				DEVELOPMENT_TEAM = L9G66SYUL8;
				ENABLE_HARDENED_RUNTIME = YES;
				ENABLE_PREVIEWS = YES;
				GENERATE_INFOPLIST_FILE = YES;
				INFOPLIST_KEY_NSHumanReadableCopyright = "";
				LD_RUNPATH_SEARCH_PATHS = (
					"$(inherited)",
					"@executable_path/../Frameworks",
				);
				MARKETING_VERSION = 1.0;
				PRODUCT_BUNDLE_IDENTIFIER = com.jimmyhoughjr.MorserX;
				PRODUCT_NAME = "$(TARGET_NAME)";
				SWIFT_EMIT_LOC_STRINGS = YES;
				SWIFT_VERSION = 5.0;
			};
			name = Debug;
		};
		D81806502D0C7A3A006C625B /* Release */ = {
			isa = XCBuildConfiguration;
			buildSettings = {
				ASSETCATALOG_COMPILER_APPICON_NAME = AppIcon;
				ASSETCATALOG_COMPILER_GLOBAL_ACCENT_COLOR_NAME = AccentColor;
				CODE_SIGN_ENTITLEMENTS = MorserX/MorserX.entitlements;
				CODE_SIGN_STYLE = Automatic;
				COMBINE_HIDPI_IMAGES = YES;
				CURRENT_PROJECT_VERSION = 1;
				DEAD_CODE_STRIPPING = YES;
				DEVELOPMENT_ASSET_PATHS = "\"MorserX/Preview Content\"";
				DEVELOPMENT_TEAM = L9G66SYUL8;
				ENABLE_HARDENED_RUNTIME = YES;
				ENABLE_PREVIEWS = YES;
				GENERATE_INFOPLIST_FILE = YES;
				INFOPLIST_KEY_NSHumanReadableCopyright = "";
				LD_RUNPATH_SEARCH_PATHS = (
					"$(inherited)",
					"@executable_path/../Frameworks",
				);
				MARKETING_VERSION = 1.0;
				PRODUCT_BUNDLE_IDENTIFIER = com.jimmyhoughjr.MorserX;
				PRODUCT_NAME = "$(TARGET_NAME)";
				SWIFT_EMIT_LOC_STRINGS = YES;
				SWIFT_VERSION = 5.0;
			};
			name = Release;
		};
		D81806522D0C7A3A006C625B /* Debug */ = {
			isa = XCBuildConfiguration;
			buildSettings = {
				BUNDLE_LOADER = "$(TEST_HOST)";
				CODE_SIGN_STYLE = Automatic;
				CURRENT_PROJECT_VERSION = 1;
				DEAD_CODE_STRIPPING = YES;
				DEVELOPMENT_TEAM = L9G66SYUL8;
				GENERATE_INFOPLIST_FILE = YES;
				MACOSX_DEPLOYMENT_TARGET = 15.1;
				MARKETING_VERSION = 1.0;
				PRODUCT_BUNDLE_IDENTIFIER = com.jimmyhoughjr.MorserXTests;
				PRODUCT_NAME = "$(TARGET_NAME)";
				SWIFT_EMIT_LOC_STRINGS = NO;
				SWIFT_VERSION = 5.0;
				TEST_HOST = "$(BUILT_PRODUCTS_DIR)/MorserX.app/$(BUNDLE_EXECUTABLE_FOLDER_PATH)/MorserX";
			};
			name = Debug;
		};
		D81806532D0C7A3A006C625B /* Release */ = {
			isa = XCBuildConfiguration;
			buildSettings = {
				BUNDLE_LOADER = "$(TEST_HOST)";
				CODE_SIGN_STYLE = Automatic;
				CURRENT_PROJECT_VERSION = 1;
				DEAD_CODE_STRIPPING = YES;
				DEVELOPMENT_TEAM = L9G66SYUL8;
				GENERATE_INFOPLIST_FILE = YES;
				MACOSX_DEPLOYMENT_TARGET = 15.1;
				MARKETING_VERSION = 1.0;
				PRODUCT_BUNDLE_IDENTIFIER = com.jimmyhoughjr.MorserXTests;
				PRODUCT_NAME = "$(TARGET_NAME)";
				SWIFT_EMIT_LOC_STRINGS = NO;
				SWIFT_VERSION = 5.0;
				TEST_HOST = "$(BUILT_PRODUCTS_DIR)/MorserX.app/$(BUNDLE_EXECUTABLE_FOLDER_PATH)/MorserX";
			};
			name = Release;
		};
		D81806552D0C7A3A006C625B /* Debug */ = {
			isa = XCBuildConfiguration;
			buildSettings = {
				CODE_SIGN_STYLE = Automatic;
				CURRENT_PROJECT_VERSION = 1;
				DEAD_CODE_STRIPPING = YES;
				DEVELOPMENT_TEAM = L9G66SYUL8;
				GENERATE_INFOPLIST_FILE = YES;
				MARKETING_VERSION = 1.0;
				PRODUCT_BUNDLE_IDENTIFIER = com.jimmyhoughjr.MorserXUITests;
				PRODUCT_NAME = "$(TARGET_NAME)";
				SWIFT_EMIT_LOC_STRINGS = NO;
				SWIFT_VERSION = 5.0;
				TEST_TARGET_NAME = MorserX;
			};
			name = Debug;
		};
		D81806562D0C7A3A006C625B /* Release */ = {
			isa = XCBuildConfiguration;
			buildSettings = {
				CODE_SIGN_STYLE = Automatic;
				CURRENT_PROJECT_VERSION = 1;
				DEAD_CODE_STRIPPING = YES;
				DEVELOPMENT_TEAM = L9G66SYUL8;
				GENERATE_INFOPLIST_FILE = YES;
				MARKETING_VERSION = 1.0;
				PRODUCT_BUNDLE_IDENTIFIER = com.jimmyhoughjr.MorserXUITests;
				PRODUCT_NAME = "$(TARGET_NAME)";
				SWIFT_EMIT_LOC_STRINGS = NO;
				SWIFT_VERSION = 5.0;
				TEST_TARGET_NAME = MorserX;
			};
			name = Release;
		};
/* End XCBuildConfiguration section */

/* Begin XCConfigurationList section */
		D81806242D0C7A37006C625B /* Build configuration list for PBXProject "MorserX" */ = {
			isa = XCConfigurationList;
			buildConfigurations = (
				D818064C2D0C7A3A006C625B /* Debug */,
				D818064D2D0C7A3A006C625B /* Release */,
			);
			defaultConfigurationIsVisible = 0;
			defaultConfigurationName = Release;
		};
		D818064E2D0C7A3A006C625B /* Build configuration list for PBXNativeTarget "MorserX" */ = {
			isa = XCConfigurationList;
			buildConfigurations = (
				D818064F2D0C7A3A006C625B /* Debug */,
				D81806502D0C7A3A006C625B /* Release */,
			);
			defaultConfigurationIsVisible = 0;
			defaultConfigurationName = Release;
		};
		D81806512D0C7A3A006C625B /* Build configuration list for PBXNativeTarget "MorserXTests" */ = {
			isa = XCConfigurationList;
			buildConfigurations = (
				D81806522D0C7A3A006C625B /* Debug */,
				D81806532D0C7A3A006C625B /* Release */,
			);
			defaultConfigurationIsVisible = 0;
			defaultConfigurationName = Release;
		};
		D81806542D0C7A3A006C625B /* Build configuration list for PBXNativeTarget "MorserXUITests" */ = {
			isa = XCConfigurationList;
			buildConfigurations = (
				D81806552D0C7A3A006C625B /* Debug */,
				D81806562D0C7A3A006C625B /* Release */,
			);
			defaultConfigurationIsVisible = 0;
			defaultConfigurationName = Release;
		};
/* End XCConfigurationList section */

/* Begin XCRemoteSwiftPackageReference section */
		D80D63AE2D0DC24B004A6AD0 /* XCRemoteSwiftPackageReference "AudioKit" */ = {
			isa = XCRemoteSwiftPackageReference;
			repositoryURL = "https://github.com/AudioKit/AudioKit.git";
			requirement = {
				kind = upToNextMajorVersion;
				minimumVersion = 5.6.4;
			};
		};
		D81806572D0C7A54006C625B /* XCRemoteSwiftPackageReference "Morse.swift" */ = {
			isa = XCRemoteSwiftPackageReference;
			repositoryURL = "https://github.com/jhoughjr/Morse.swift.git";
			requirement = {
				branch = main;
				kind = branch;
			};
		};
/* End XCRemoteSwiftPackageReference section */

/* Begin XCSwiftPackageProductDependency section */
		D80D63AF2D0DC24B004A6AD0 /* AudioKit */ = {
			isa = XCSwiftPackageProductDependency;
			package = D80D63AE2D0DC24B004A6AD0 /* XCRemoteSwiftPackageReference "AudioKit" */;
			productName = AudioKit;
		};
		D81806582D0C7A54006C625B /* Morse */ = {
			isa = XCSwiftPackageProductDependency;
			package = D81806572D0C7A54006C625B /* XCRemoteSwiftPackageReference "Morse.swift" */;
			productName = Morse;
		};
/* End XCSwiftPackageProductDependency section */
	};
	rootObject = D81806212D0C7A37006C625B /* Project object */;
}
